
Microsoft Visual Studio Solution File, Format Version 12.00
# Visual Studio Version 17
VisualStudioVersion = 17.5.33530.505
MinimumVisualStudioVersion = 10.0.40219.1
Project("{FAE04EC0-301F-11D3-BF4B-00C04F79EFBC}") = "CrudDemo", "CrudDemo\CrudDemo.csproj", "{FD9B0BC2-24B1-48BE-9C80-EF043BBCBE9A}"
EndProject
Global
	GlobalSection(SolutionConfigurationPlatforms) = preSolution
		Debug|Any CPU = Debug|Any CPU
		Release|Any CPU = Release|Any CPU
	EndGlobalSection
	GlobalSection(ProjectConfigurationPlatforms) = postSolution
		{FD9B0BC2-24B1-48BE-9C80-EF043BBCBE9A}.Debug|Any CPU.ActiveCfg = Debug|Any CPU
		{FD9B0BC2-24B1-48BE-9C80-EF043BBCBE9A}.Debug|Any CPU.Build.0 = Debug|Any CPU
		{FD9B0BC2-24B1-48BE-9C80-EF043BBCBE9A}.Release|Any CPU.ActiveCfg = Release|Any CPU
		{FD9B0BC2-24B1-48BE-9C80-EF043BBCBE9A}.Release|Any CPU.Build.0 = Release|Any CPU
	EndGlobalSection
	GlobalSection(SolutionProperties) = preSolution
		HideSolutionNode = FALSE
	EndGlobalSection
	GlobalSection(ExtensibilityGlobals) = postSolution
		SolutionGuid = {CC53ACF3-7CFF-4F58-9D76-EE9421238734}
	EndGlobalSection
EndGlobal
